
Microsoft Visual Studio Solution File, Format Version 12.00
# Visual Studio Version 17
VisualStudioVersion = 17.8.34601.278
MinimumVisualStudioVersion = 10.0.40219.1
Project("{FAE04EC0-301F-11D3-BF4B-00C04F79EFBC}") = "MoS talet", "MoS talet.csproj", "{80E1A09E-D2DB-4B94-86F1-E9FD3060C227}"
EndProject
Global
	GlobalSection(SolutionConfigurationPlatforms) = preSolution
		Debug|Any CPU = Debug|Any CPU
		Release|Any CPU = Release|Any CPU
	EndGlobalSection
	GlobalSection(ProjectConfigurationPlatforms) = postSolution
		{80E1A09E-D2DB-4B94-86F1-E9FD3060C227}.Debug|Any CPU.ActiveCfg = Debug|Any CPU
		{80E1A09E-D2DB-4B94-86F1-E9FD3060C227}.Debug|Any CPU.Build.0 = Debug|Any CPU
		{80E1A09E-D2DB-4B94-86F1-E9FD3060C227}.Release|Any CPU.ActiveCfg = Release|Any CPU
		{80E1A09E-D2DB-4B94-86F1-E9FD3060C227}.Release|Any CPU.Build.0 = Release|Any CPU
	EndGlobalSection
	GlobalSection(SolutionProperties) = preSolution
		HideSolutionNode = FALSE
	EndGlobalSection
	GlobalSection(ExtensibilityGlobals) = postSolution
		SolutionGuid = {2E59336C-D478-491F-9AA6-C5FB3BAA2CFB}
	EndGlobalSection
EndGlobal
